PODS:
  - Nimble (4.1.0)
  - Placemat (0.2.1)
  - Quick (0.9.3)

DEPENDENCIES:
  - Nimble
  - Placemat (from `../`)
  - Quick

EXTERNAL SOURCES:
  Placemat:
    :path: "../"

SPEC CHECKSUMS:
  Nimble: 97a0a4cae5124c117115634b2d055d8c97d0af19
  Placemat: 141023a88979bb8c589800120b729471a8cffcef
  Quick: 13a2a2b19a5d8e3ed4fd0c36ee46597fd77ebf71

PODFILE CHECKSUM: 38b048e41d99e3e558bd60ff3e086f08c065d78c

COCOAPODS: 1.0.0
