PODS:
  - Nimble (2.0.0-rc.1)
  - Placemat (0.1.0)
  - Quick (0.4.0)

DEPENDENCIES:
  - Nimble (= 2.0.0-rc.1)
  - Placemat (from `../`)
  - Quick (~> 0.4)

EXTERNAL SOURCES:
  Placemat:
    :path: "../"

SPEC CHECKSUMS:
  Nimble: 9572458605e65c9fc5a56754ab19a970f6ab5a88
  Placemat: 3d9edcd7fda37a65c9128a266094861bbe8e9c55
  Quick: 2286bfff349102670c6d2dafd0d2cefab42f5f0b

COCOAPODS: 0.38.0.beta.1
